
Microsoft Visual Studio Solution File, Format Version 12.00
# Visual Studio Version 17
VisualStudioVersion = 17.4.33213.308
MinimumVisualStudioVersion = 10.0.40219.1
Project("{FAE04EC0-301F-11D3-BF4B-00C04F79EFBC}") = "AudioPlayer", "AudioPlayer.csproj", "{058E6A61-7D46-4219-B6A7-77C8AB5A0CD1}"
EndProject
Global
	GlobalSection(SolutionConfigurationPlatforms) = preSolution
		Debug|Any CPU = Debug|Any CPU
		Release|Any CPU = Release|Any CPU
	EndGlobalSection
	GlobalSection(ProjectConfigurationPlatforms) = postSolution
		{058E6A61-7D46-4219-B6A7-77C8AB5A0CD1}.Debug|Any CPU.ActiveCfg = Debug|Any CPU
		{058E6A61-7D46-4219-B6A7-77C8AB5A0CD1}.Debug|Any CPU.Build.0 = Debug|Any CPU
		{058E6A61-7D46-4219-B6A7-77C8AB5A0CD1}.Release|Any CPU.ActiveCfg = Release|Any CPU
		{058E6A61-7D46-4219-B6A7-77C8AB5A0CD1}.Release|Any CPU.Build.0 = Release|Any CPU
	EndGlobalSection
	GlobalSection(SolutionProperties) = preSolution
		HideSolutionNode = FALSE
	EndGlobalSection
	GlobalSection(ExtensibilityGlobals) = postSolution
		SolutionGuid = {23E8D5FC-73DA-4405-8BD0-AF2A6BFF0926}
	EndGlobalSection
EndGlobal
